
Microsoft Visual Studio Solution File, Format Version 12.00
# Visual Studio 2017
Project("{FAE04EC0-301F-11D3-BF4B-00C04F79EFBC}") = "WildChris(nov26)", "WildChris(nov26).csproj", "{5EB1FF4F-063C-E089-A8C5-37E6847D1579}"
EndProject
Global
	GlobalSection(SolutionConfigurationPlatforms) = preSolution
		Debug|Any CPU = Debug|Any CPU
		Release|Any CPU = Release|Any CPU
	EndGlobalSection
	GlobalSection(ProjectConfigurationPlatforms) = postSolution
		{5EB1FF4F-063C-E089-A8C5-37E6847D1579}.Debug|Any CPU.ActiveCfg = Debug|Any CPU
		{5EB1FF4F-063C-E089-A8C5-37E6847D1579}.Debug|Any CPU.Build.0 = Debug|Any CPU
		{5EB1FF4F-063C-E089-A8C5-37E6847D1579}.Release|Any CPU.ActiveCfg = Release|Any CPU
		{5EB1FF4F-063C-E089-A8C5-37E6847D1579}.Release|Any CPU.Build.0 = Release|Any CPU
	EndGlobalSection
	GlobalSection(SolutionProperties) = preSolution
		HideSolutionNode = FALSE
	EndGlobalSection
EndGlobal
