
Microsoft Visual Studio Solution File, Format Version 12.00
# Visual Studio 2017
Project("{FAE04EC0-301F-11D3-BF4B-00C04F79EFBC}") = "WildChris(nov25)", "WildChris(nov25).csproj", "{1B635226-461A-C458-B8BA-FC894A6A8171}"
EndProject
Global
	GlobalSection(SolutionConfigurationPlatforms) = preSolution
		Debug|Any CPU = Debug|Any CPU
		Release|Any CPU = Release|Any CPU
	EndGlobalSection
	GlobalSection(ProjectConfigurationPlatforms) = postSolution
		{1B635226-461A-C458-B8BA-FC894A6A8171}.Debug|Any CPU.ActiveCfg = Debug|Any CPU
		{1B635226-461A-C458-B8BA-FC894A6A8171}.Debug|Any CPU.Build.0 = Debug|Any CPU
		{1B635226-461A-C458-B8BA-FC894A6A8171}.Release|Any CPU.ActiveCfg = Release|Any CPU
		{1B635226-461A-C458-B8BA-FC894A6A8171}.Release|Any CPU.Build.0 = Release|Any CPU
	EndGlobalSection
	GlobalSection(SolutionProperties) = preSolution
		HideSolutionNode = FALSE
	EndGlobalSection
EndGlobal
