
Microsoft Visual Studio Solution File, Format Version 12.00
# Visual Studio 2017
Project("{FAE04EC0-301F-11D3-BF4B-00C04F79EFBC}") = "WildChris(nov6)", "WildChris(nov6).csproj", "{99BBBDD3-D5CB-91F9-CF12-9972825B99D2}"
EndProject
Global
	GlobalSection(SolutionConfigurationPlatforms) = preSolution
		Debug|Any CPU = Debug|Any CPU
		Release|Any CPU = Release|Any CPU
	EndGlobalSection
	GlobalSection(ProjectConfigurationPlatforms) = postSolution
		{99BBBDD3-D5CB-91F9-CF12-9972825B99D2}.Debug|Any CPU.ActiveCfg = Debug|Any CPU
		{99BBBDD3-D5CB-91F9-CF12-9972825B99D2}.Debug|Any CPU.Build.0 = Debug|Any CPU
		{99BBBDD3-D5CB-91F9-CF12-9972825B99D2}.Release|Any CPU.ActiveCfg = Release|Any CPU
		{99BBBDD3-D5CB-91F9-CF12-9972825B99D2}.Release|Any CPU.Build.0 = Release|Any CPU
	EndGlobalSection
	GlobalSection(SolutionProperties) = preSolution
		HideSolutionNode = FALSE
	EndGlobalSection
EndGlobal
