
Microsoft Visual Studio Solution File, Format Version 12.00
# Visual Studio 2017
Project("{FAE04EC0-301F-11D3-BF4B-00C04F79EFBC}") = "WildChris(nov20v2)", "WildChris(nov20v2).csproj", "{2EDF9EE5-14FA-EB41-60C1-2A71FC171A00}"
EndProject
Global
	GlobalSection(SolutionConfigurationPlatforms) = preSolution
		Debug|Any CPU = Debug|Any CPU
		Release|Any CPU = Release|Any CPU
	EndGlobalSection
	GlobalSection(ProjectConfigurationPlatforms) = postSolution
		{2EDF9EE5-14FA-EB41-60C1-2A71FC171A00}.Debug|Any CPU.ActiveCfg = Debug|Any CPU
		{2EDF9EE5-14FA-EB41-60C1-2A71FC171A00}.Debug|Any CPU.Build.0 = Debug|Any CPU
		{2EDF9EE5-14FA-EB41-60C1-2A71FC171A00}.Release|Any CPU.ActiveCfg = Release|Any CPU
		{2EDF9EE5-14FA-EB41-60C1-2A71FC171A00}.Release|Any CPU.Build.0 = Release|Any CPU
	EndGlobalSection
	GlobalSection(SolutionProperties) = preSolution
		HideSolutionNode = FALSE
	EndGlobalSection
EndGlobal
